
Microsoft Visual Studio Solution File, Format Version 12.00
# Visual Studio Version 16
VisualStudioVersion = 16.0.31321.278
MinimumVisualStudioVersion = 10.0.40219.1
Project("{FAE04EC0-301F-11D3-BF4B-00C04F79EFBC}") = "Weather", "Weather\Weather.csproj", "{ADAA4349-AD56-4D74-9D98-642960C1F4D9}"
EndProject
Global
	GlobalSection(SolutionConfigurationPlatforms) = preSolution
		Debug|Any CPU = Debug|Any CPU
		Release|Any CPU = Release|Any CPU
	EndGlobalSection
	GlobalSection(ProjectConfigurationPlatforms) = postSolution
		{ADAA4349-AD56-4D74-9D98-642960C1F4D9}.Debug|Any CPU.ActiveCfg = Debug|Any CPU
		{ADAA4349-AD56-4D74-9D98-642960C1F4D9}.Debug|Any CPU.Build.0 = Debug|Any CPU
		{ADAA4349-AD56-4D74-9D98-642960C1F4D9}.Release|Any CPU.ActiveCfg = Release|Any CPU
		{ADAA4349-AD56-4D74-9D98-642960C1F4D9}.Release|Any CPU.Build.0 = Release|Any CPU
	EndGlobalSection
	GlobalSection(SolutionProperties) = preSolution
		HideSolutionNode = FALSE
	EndGlobalSection
	GlobalSection(ExtensibilityGlobals) = postSolution
		SolutionGuid = {D8A48772-9298-44AB-AF64-B572D2FFAE2C}
	EndGlobalSection
EndGlobal
